<Solution>
  <Folder Name="/Solution Items/">
    <File Path="AGENTS.md" />
    <File Path="README.md" />
  </Folder>
  <Project Path="src/Lokad.Codicillus.Cli/Lokad.Codicillus.Cli.csproj" />
  <Project Path="src/Lokad.Codicillus/Lokad.Codicillus.csproj" />
  <Project Path="tests/Lokad.Codicillus.Tests/Lokad.Codicillus.Tests.csproj" />
</Solution>
